
Microsoft Visual Studio Solution File, Format Version 12.00
# Visual Studio Version 16
VisualStudioVersion = 16.0.32413.511
MinimumVisualStudioVersion = 10.0.40219.1
Project("{8BC9CEB8-8B4A-11D0-8D11-00A0C91BC942}") = "실습_01_volatile", "실습_01_volatile.vcxproj", "{02784F05-4018-42CE-BE03-DF9B6949E74E}"
EndProject
Global
	GlobalSection(SolutionConfigurationPlatforms) = preSolution
		Debug|x64 = Debug|x64
		Debug|x86 = Debug|x86
		Release|x64 = Release|x64
		Release|x86 = Release|x86
	EndGlobalSection
	GlobalSection(ProjectConfigurationPlatforms) = postSolution
		{02784F05-4018-42CE-BE03-DF9B6949E74E}.Debug|x64.ActiveCfg = Debug|x64
		{02784F05-4018-42CE-BE03-DF9B6949E74E}.Debug|x64.Build.0 = Debug|x64
		{02784F05-4018-42CE-BE03-DF9B6949E74E}.Debug|x86.ActiveCfg = Debug|Win32
		{02784F05-4018-42CE-BE03-DF9B6949E74E}.Debug|x86.Build.0 = Debug|Win32
		{02784F05-4018-42CE-BE03-DF9B6949E74E}.Release|x64.ActiveCfg = Release|x64
		{02784F05-4018-42CE-BE03-DF9B6949E74E}.Release|x64.Build.0 = Release|x64
		{02784F05-4018-42CE-BE03-DF9B6949E74E}.Release|x86.ActiveCfg = Release|Win32
		{02784F05-4018-42CE-BE03-DF9B6949E74E}.Release|x86.Build.0 = Release|Win32
	EndGlobalSection
	GlobalSection(SolutionProperties) = preSolution
		HideSolutionNode = FALSE
	EndGlobalSection
	GlobalSection(ExtensibilityGlobals) = postSolution
		SolutionGuid = {08285EF8-6918-42DE-B625-ADBE5E02ECB5}
	EndGlobalSection
EndGlobal
